{
  "lockfile-version": 1,
  "manifest": {
    "version": 1,
    "install": {
      "ffmpeg_8": {
        "pkg-path": "ffmpeg_8"
      },
      "go": {
        "pkg-path": "go",
        "version": "^1.24.2"
      }
    },
    "hook": {
      "on-activate": "  # Autogenerated by Flox\n\n  # Point GOENV to Flox environment cache\n  export GOENV=\"$FLOX_ENV_CACHE/goenv\"\n\n  # Install Go dependencies\n  go get .\n\n  # End autogenerated by Flox\n"
    },
    "profile": {},
    "options": {}
  },
  "packages": [
    {
      "attr_path": "ffmpeg_8",
      "broken": false,
      "derivation": "/nix/store/s2vz79k2p58zq0i1d0552p74bi17aknr-ffmpeg-8.0.drv",
      "description": "Complete, cross-platform solution to record, convert and stream audio and video",
      "install_id": "ffmpeg_8",
      "license": "[ LGPL-2.1-or-later, GPL-2.0-or-later, LGPL-3.0-or-later, GPL-3.0-or-later ]",
      "locked_url": "https://github.com/flox/nixpkgs?rev=b599843bad24621dcaa5ab60dac98f9b0eb1cabe",
      "name": "ffmpeg-8.0",
      "pname": "ffmpeg_8",
      "rev": "b599843bad24621dcaa5ab60dac98f9b0eb1cabe",
      "rev_count": 858212,
      "rev_date": "2025-09-08T16:06:28Z",
      "scrape_date": "2025-09-10T02:02:27.579540Z",
      "stabilities": [
        "unstable"
      ],
      "unfree": false,
      "version": "8.0",
      "outputs_to_install": [
        "bin",
        "man"
      ],
      "outputs": {
        "bin": "/nix/store/y1w2vdyrl4cz73242da79zvp28pxxfkf-ffmpeg-8.0-bin",
        "data": "/nix/store/dalhaf26rjfirih5iiyac5jbgp43czk1-ffmpeg-8.0-data",
        "dev": "/nix/store/ny1x8d1gw759d6s34sf3mx1vsqvkga5c-ffmpeg-8.0-dev",
        "doc": "/nix/store/h6va3liq656c2n068iwdwp9a99494lr3-ffmpeg-8.0-doc",
        "lib": "/nix/store/ahlf1j8ic6zv18ib48gsc7izfpdfvc8c-ffmpeg-8.0-lib",
        "man": "/nix/store/f9lnn9ivi15x5a3b7r62lcc0z6a1x683-ffmpeg-8.0-man",
        "out": "/nix/store/qlb0bl54r0ppymm5a6brsaqbkzhklrvd-ffmpeg-8.0"
      },
      "system": "aarch64-darwin",
      "group": "toplevel",
      "priority": 5
    },
    {
      "attr_path": "ffmpeg_8",
      "broken": false,
      "derivation": "/nix/store/q4540igbdifxwdp0yvx5lxgymf8lixrs-ffmpeg-8.0.drv",
      "description": "Complete, cross-platform solution to record, convert and stream audio and video",
      "install_id": "ffmpeg_8",
      "license": "[ LGPL-2.1-or-later, GPL-2.0-or-later, LGPL-3.0-or-later, GPL-3.0-or-later ]",
      "locked_url": "https://github.com/flox/nixpkgs?rev=b599843bad24621dcaa5ab60dac98f9b0eb1cabe",
      "name": "ffmpeg-8.0",
      "pname": "ffmpeg_8",
      "rev": "b599843bad24621dcaa5ab60dac98f9b0eb1cabe",
      "rev_count": 858212,
      "rev_date": "2025-09-08T16:06:28Z",
      "scrape_date": "2025-09-10T02:33:15.208506Z",
      "stabilities": [
        "unstable"
      ],
      "unfree": false,
      "version": "8.0",
      "outputs_to_install": [
        "bin",
        "man"
      ],
      "outputs": {
        "bin": "/nix/store/vznzazbw5xqwfr1x12cjk4z97rsfrv7l-ffmpeg-8.0-bin",
        "data": "/nix/store/hb1pqx7jfyqy4zdhd9yl853mxgyvd5i3-ffmpeg-8.0-data",
        "dev": "/nix/store/8si2xi3rfyzxm2v9gvfvw1vmjzf2aqz0-ffmpeg-8.0-dev",
        "doc": "/nix/store/psx3x4v835cmr572b4swn8xjclaj1ffc-ffmpeg-8.0-doc",
        "lib": "/nix/store/w1wrvykgki34akzbv59k7klsp8kalhfc-ffmpeg-8.0-lib",
        "man": "/nix/store/k39bivphwq2m1vvlxwqmflgb5i62p6r2-ffmpeg-8.0-man",
        "out": "/nix/store/hszx7bw6y6j2za5akpfh3p2cqybyx44k-ffmpeg-8.0"
      },
      "system": "aarch64-linux",
      "group": "toplevel",
      "priority": 5
    },
    {
      "attr_path": "ffmpeg_8",
      "broken": false,
      "derivation": "/nix/store/i9qyjps1jbix8b7gq9404mkg7b4h9gh2-ffmpeg-8.0.drv",
      "description": "Complete, cross-platform solution to record, convert and stream audio and video",
      "install_id": "ffmpeg_8",
      "license": "[ LGPL-2.1-or-later, GPL-2.0-or-later, LGPL-3.0-or-later, GPL-3.0-or-later ]",
      "locked_url": "https://github.com/flox/nixpkgs?rev=b599843bad24621dcaa5ab60dac98f9b0eb1cabe",
      "name": "ffmpeg-8.0",
      "pname": "ffmpeg_8",
      "rev": "b599843bad24621dcaa5ab60dac98f9b0eb1cabe",
      "rev_count": 858212,
      "rev_date": "2025-09-08T16:06:28Z",
      "scrape_date": "2025-09-10T03:01:04.156999Z",
      "stabilities": [
        "unstable"
      ],
      "unfree": false,
      "version": "8.0",
      "outputs_to_install": [
        "bin",
        "man"
      ],
      "outputs": {
        "bin": "/nix/store/dxj9gknribnx0fdxcnpf2yzb15jdk04b-ffmpeg-8.0-bin",
        "data": "/nix/store/l7k8c6dkf0ks6m116abci7w3fn876xbb-ffmpeg-8.0-data",
        "dev": "/nix/store/zrrb904mxv7p7l7zznq9b3ridzgpinn4-ffmpeg-8.0-dev",
        "doc": "/nix/store/sc5rr4sdlfzwmxxhabqhcgh321v9681g-ffmpeg-8.0-doc",
        "lib": "/nix/store/xmcz0cyy4p186k1n5ki3dj32lf2pm6sm-ffmpeg-8.0-lib",
        "man": "/nix/store/0lb9kch1jc4ncb5ayvwshd01nmskqshq-ffmpeg-8.0-man",
        "out": "/nix/store/229p3w1q21rybcjh3q74qbidckm0jkzl-ffmpeg-8.0"
      },
      "system": "x86_64-darwin",
      "group": "toplevel",
      "priority": 5
    },
    {
      "attr_path": "ffmpeg_8",
      "broken": false,
      "derivation": "/nix/store/2lhxcqpy5i0b7vs8b92chc429i0dkj28-ffmpeg-8.0.drv",
      "description": "Complete, cross-platform solution to record, convert and stream audio and video",
      "install_id": "ffmpeg_8",
      "license": "[ LGPL-2.1-or-later, GPL-2.0-or-later, LGPL-3.0-or-later, GPL-3.0-or-later ]",
      "locked_url": "https://github.com/flox/nixpkgs?rev=b599843bad24621dcaa5ab60dac98f9b0eb1cabe",
      "name": "ffmpeg-8.0",
      "pname": "ffmpeg_8",
      "rev": "b599843bad24621dcaa5ab60dac98f9b0eb1cabe",
      "rev_count": 858212,
      "rev_date": "2025-09-08T16:06:28Z",
      "scrape_date": "2025-09-10T03:33:43.714479Z",
      "stabilities": [
        "unstable"
      ],
      "unfree": false,
      "version": "8.0",
      "outputs_to_install": [
        "bin",
        "man"
      ],
      "outputs": {
        "bin": "/nix/store/mwsbimn1lygzq0mpsmv1ywp57lx59wfx-ffmpeg-8.0-bin",
        "data": "/nix/store/vbyr70vhw4nig7cr56lhji9yxj35zkk2-ffmpeg-8.0-data",
        "dev": "/nix/store/mfx81nrcpdr0v0z3skc8663kgcns7i3j-ffmpeg-8.0-dev",
        "doc": "/nix/store/r9i8118fk2mh6ml22a8djh8icgq8c4xg-ffmpeg-8.0-doc",
        "lib": "/nix/store/kibqbn19w20jcalj9fdvkzfmrgx55kv0-ffmpeg-8.0-lib",
        "man": "/nix/store/b0qhaspngpvli0rcwfglyg06higx44q7-ffmpeg-8.0-man",
        "out": "/nix/store/3snrz8n2cygjz9h3mjmzpg8aywp7n0sw-ffmpeg-8.0"
      },
      "system": "x86_64-linux",
      "group": "toplevel",
      "priority": 5
    },
    {
      "attr_path": "go",
      "broken": false,
      "derivation": "/nix/store/b4f7b08k5wnka70sax9qx3d2p1x2sfb9-go-1.24.6.drv",
      "description": "Go Programming language",
      "install_id": "go",
      "license": "BSD-3-Clause",
      "locked_url": "https://github.com/flox/nixpkgs?rev=b599843bad24621dcaa5ab60dac98f9b0eb1cabe",
      "name": "go-1.24.6",
      "pname": "go",
      "rev": "b599843bad24621dcaa5ab60dac98f9b0eb1cabe",
      "rev_count": 858212,
      "rev_date": "2025-09-08T16:06:28Z",
      "scrape_date": "2025-09-10T02:02:27.926785Z",
      "stabilities": [
        "unstable"
      ],
      "unfree": false,
      "version": "1.24.6",
      "outputs_to_install": [
        "out"
      ],
      "outputs": {
        "out": "/nix/store/rgmygksbfyy75iappxpinv0y8lxfq35x-go-1.24.6"
      },
      "system": "aarch64-darwin",
      "group": "toplevel",
      "priority": 5
    },
    {
      "attr_path": "go",
      "broken": false,
      "derivation": "/nix/store/x4i65glp99jc4a2cxkz1scx29s08dw05-go-1.24.6.drv",
      "description": "Go Programming language",
      "install_id": "go",
      "license": "BSD-3-Clause",
      "locked_url": "https://github.com/flox/nixpkgs?rev=b599843bad24621dcaa5ab60dac98f9b0eb1cabe",
      "name": "go-1.24.6",
      "pname": "go",
      "rev": "b599843bad24621dcaa5ab60dac98f9b0eb1cabe",
      "rev_count": 858212,
      "rev_date": "2025-09-08T16:06:28Z",
      "scrape_date": "2025-09-10T02:33:16.091470Z",
      "stabilities": [
        "unstable"
      ],
      "unfree": false,
      "version": "1.24.6",
      "outputs_to_install": [
        "out"
      ],
      "outputs": {
        "out": "/nix/store/w30rz1jlg360zk9d34ylhdvcdz19vyxh-go-1.24.6"
      },
      "system": "aarch64-linux",
      "group": "toplevel",
      "priority": 5
    },
    {
      "attr_path": "go",
      "broken": false,
      "derivation": "/nix/store/awngf5b7wwjyay1nlfjnk25a39f823c3-go-1.24.6.drv",
      "description": "Go Programming language",
      "install_id": "go",
      "license": "BSD-3-Clause",
      "locked_url": "https://github.com/flox/nixpkgs?rev=b599843bad24621dcaa5ab60dac98f9b0eb1cabe",
      "name": "go-1.24.6",
      "pname": "go",
      "rev": "b599843bad24621dcaa5ab60dac98f9b0eb1cabe",
      "rev_count": 858212,
      "rev_date": "2025-09-08T16:06:28Z",
      "scrape_date": "2025-09-10T03:01:04.531471Z",
      "stabilities": [
        "unstable"
      ],
      "unfree": false,
      "version": "1.24.6",
      "outputs_to_install": [
        "out"
      ],
      "outputs": {
        "out": "/nix/store/kcj6a7xghpcsg6by6kkc03s3rr2v34il-go-1.24.6"
      },
      "system": "x86_64-darwin",
      "group": "toplevel",
      "priority": 5
    },
    {
      "attr_path": "go",
      "broken": false,
      "derivation": "/nix/store/lz6sgami9527f9s2sh8bd8y2imv8nqqb-go-1.24.6.drv",
      "description": "Go Programming language",
      "install_id": "go",
      "license": "BSD-3-Clause",
      "locked_url": "https://github.com/flox/nixpkgs?rev=b599843bad24621dcaa5ab60dac98f9b0eb1cabe",
      "name": "go-1.24.6",
      "pname": "go",
      "rev": "b599843bad24621dcaa5ab60dac98f9b0eb1cabe",
      "rev_count": 858212,
      "rev_date": "2025-09-08T16:06:28Z",
      "scrape_date": "2025-09-10T03:33:44.701109Z",
      "stabilities": [
        "unstable"
      ],
      "unfree": false,
      "version": "1.24.6",
      "outputs_to_install": [
        "out"
      ],
      "outputs": {
        "out": "/nix/store/g026m2zmhiah7izdmmvgsq847z2sh1h1-go-1.24.6"
      },
      "system": "x86_64-linux",
      "group": "toplevel",
      "priority": 5
    }
  ]
}